
Microsoft Visual Studio Solution File, Format Version 12.00
# Visual Studio Version 17
VisualStudioVersion = 17.4.33213.308
MinimumVisualStudioVersion = 10.0.40219.1
Project("{FAE04EC0-301F-11D3-BF4B-00C04F79EFBC}") = "interfaces", "interfaces.csproj", "{09D181B5-1564-4800-AFF3-B5F19F60886E}"
EndProject
Global
	GlobalSection(SolutionConfigurationPlatforms) = preSolution
		Debug|Any CPU = Debug|Any CPU
		Release|Any CPU = Release|Any CPU
	EndGlobalSection
	GlobalSection(ProjectConfigurationPlatforms) = postSolution
		{09D181B5-1564-4800-AFF3-B5F19F60886E}.Debug|Any CPU.ActiveCfg = Debug|Any CPU
		{09D181B5-1564-4800-AFF3-B5F19F60886E}.Debug|Any CPU.Build.0 = Debug|Any CPU
		{09D181B5-1564-4800-AFF3-B5F19F60886E}.Release|Any CPU.ActiveCfg = Release|Any CPU
		{09D181B5-1564-4800-AFF3-B5F19F60886E}.Release|Any CPU.Build.0 = Release|Any CPU
	EndGlobalSection
	GlobalSection(SolutionProperties) = preSolution
		HideSolutionNode = FALSE
	EndGlobalSection
	GlobalSection(ExtensibilityGlobals) = postSolution
		SolutionGuid = {EAEB29B0-F78D-4687-B322-FB861313B2C8}
	EndGlobalSection
EndGlobal
